
Microsoft Visual Studio Solution File, Format Version 12.00
# Visual Studio Version 17
VisualStudioVersion = 17.4.33110.190
MinimumVisualStudioVersion = 10.0.40219.1
Project("{FAE04EC0-301F-11D3-BF4B-00C04F79EFBC}") = "checkBox_radioButton_comboBox", "checkBox_radioButton_comboBox.csproj", "{8A3CE3EA-7235-483C-B593-68C9182CB42D}"
EndProject
Global
	GlobalSection(SolutionConfigurationPlatforms) = preSolution
		Debug|Any CPU = Debug|Any CPU
		Release|Any CPU = Release|Any CPU
	EndGlobalSection
	GlobalSection(ProjectConfigurationPlatforms) = postSolution
		{8A3CE3EA-7235-483C-B593-68C9182CB42D}.Debug|Any CPU.ActiveCfg = Debug|Any CPU
		{8A3CE3EA-7235-483C-B593-68C9182CB42D}.Debug|Any CPU.Build.0 = Debug|Any CPU
		{8A3CE3EA-7235-483C-B593-68C9182CB42D}.Release|Any CPU.ActiveCfg = Release|Any CPU
		{8A3CE3EA-7235-483C-B593-68C9182CB42D}.Release|Any CPU.Build.0 = Release|Any CPU
	EndGlobalSection
	GlobalSection(SolutionProperties) = preSolution
		HideSolutionNode = FALSE
	EndGlobalSection
	GlobalSection(ExtensibilityGlobals) = postSolution
		SolutionGuid = {1F6B0EDD-23F6-4359-88BE-010E48D13A9E}
	EndGlobalSection
EndGlobal
