
Microsoft Visual Studio Solution File, Format Version 12.00
# Visual Studio Version 17
VisualStudioVersion = 17.4.33110.190
MinimumVisualStudioVersion = 10.0.40219.1
Project("{FAE04EC0-301F-11D3-BF4B-00C04F79EFBC}") = "WinForm_03_MultiForm", "MultiForm\WinForm_03_MultiForm.csproj", "{528BFF41-87D5-4B0F-A8F4-3C89409285DD}"
EndProject
Global
	GlobalSection(SolutionConfigurationPlatforms) = preSolution
		Debug|Any CPU = Debug|Any CPU
		Release|Any CPU = Release|Any CPU
	EndGlobalSection
	GlobalSection(ProjectConfigurationPlatforms) = postSolution
		{528BFF41-87D5-4B0F-A8F4-3C89409285DD}.Debug|Any CPU.ActiveCfg = Debug|Any CPU
		{528BFF41-87D5-4B0F-A8F4-3C89409285DD}.Debug|Any CPU.Build.0 = Debug|Any CPU
		{528BFF41-87D5-4B0F-A8F4-3C89409285DD}.Release|Any CPU.ActiveCfg = Release|Any CPU
		{528BFF41-87D5-4B0F-A8F4-3C89409285DD}.Release|Any CPU.Build.0 = Release|Any CPU
	EndGlobalSection
	GlobalSection(SolutionProperties) = preSolution
		HideSolutionNode = FALSE
	EndGlobalSection
	GlobalSection(ExtensibilityGlobals) = postSolution
		SolutionGuid = {DEB60493-3CA6-486A-AD24-14ECC2BB7FB5}
	EndGlobalSection
EndGlobal
