
Microsoft Visual Studio Solution File, Format Version 12.00
# Visual Studio Version 17
VisualStudioVersion = 17.4.33110.190
MinimumVisualStudioVersion = 10.0.40219.1
Project("{FAE04EC0-301F-11D3-BF4B-00C04F79EFBC}") = "PlayerUI", "PlayerUI\PlayerUI.csproj", "{502361E2-0176-4C2B-9707-BF0B49D8D090}"
EndProject
Global
	GlobalSection(SolutionConfigurationPlatforms) = preSolution
		Debug|Any CPU = Debug|Any CPU
		Release|Any CPU = Release|Any CPU
	EndGlobalSection
	GlobalSection(ProjectConfigurationPlatforms) = postSolution
		{502361E2-0176-4C2B-9707-BF0B49D8D090}.Debug|Any CPU.ActiveCfg = Debug|Any CPU
		{502361E2-0176-4C2B-9707-BF0B49D8D090}.Debug|Any CPU.Build.0 = Debug|Any CPU
		{502361E2-0176-4C2B-9707-BF0B49D8D090}.Release|Any CPU.ActiveCfg = Release|Any CPU
		{502361E2-0176-4C2B-9707-BF0B49D8D090}.Release|Any CPU.Build.0 = Release|Any CPU
	EndGlobalSection
	GlobalSection(SolutionProperties) = preSolution
		HideSolutionNode = FALSE
	EndGlobalSection
	GlobalSection(ExtensibilityGlobals) = postSolution
		SolutionGuid = {88C81D74-999C-4507-A848-587E5291F9E7}
	EndGlobalSection
EndGlobal
